
Microsoft Visual Studio Solution File, Format Version 12.00
# Visual Studio Version 16
VisualStudioVersion = 16.0.29613.14
MinimumVisualStudioVersion = 10.0.40219.1
Project("{FAE04EC0-301F-11D3-BF4B-00C04F79EFBC}") = "herancaPolimorfismo", "herancaPolimorfismo\herancaPolimorfismo.csproj", "{EF865A6E-9BDC-485D-954D-0D2F399CDEC0}"
EndProject
Global
	GlobalSection(SolutionConfigurationPlatforms) = preSolution
		Debug|Any CPU = Debug|Any CPU
		Release|Any CPU = Release|Any CPU
	EndGlobalSection
	GlobalSection(ProjectConfigurationPlatforms) = postSolution
		{EF865A6E-9BDC-485D-954D-0D2F399CDEC0}.Debug|Any CPU.ActiveCfg = Debug|Any CPU
		{EF865A6E-9BDC-485D-954D-0D2F399CDEC0}.Debug|Any CPU.Build.0 = Debug|Any CPU
		{EF865A6E-9BDC-485D-954D-0D2F399CDEC0}.Release|Any CPU.ActiveCfg = Release|Any CPU
		{EF865A6E-9BDC-485D-954D-0D2F399CDEC0}.Release|Any CPU.Build.0 = Release|Any CPU
	EndGlobalSection
	GlobalSection(SolutionProperties) = preSolution
		HideSolutionNode = FALSE
	EndGlobalSection
	GlobalSection(ExtensibilityGlobals) = postSolution
		SolutionGuid = {31B3C66C-1303-4649-BFC0-451C9EA0D940}
	EndGlobalSection
EndGlobal
